
Microsoft Visual Studio Solution File, Format Version 12.00
# Visual Studio Version 17
VisualStudioVersion = 17.12.35931.192 d17.12
MinimumVisualStudioVersion = 10.0.40219.1
Project("{D2ABAB84-BF74-430A-B69E-9DC6D40DDA17}") = "Sakila Analysic Multidimensional", "Sakila Analysic Multidimensional\Sakila Analysic Multidimensional.dwproj", "{FA8031B4-7522-47DF-B028-DC045B3AE29A}"
EndProject
Global
	GlobalSection(SolutionConfigurationPlatforms) = preSolution
		Development|Default = Development|Default
	EndGlobalSection
	GlobalSection(ProjectConfigurationPlatforms) = postSolution
		{FA8031B4-7522-47DF-B028-DC045B3AE29A}.Development|Default.ActiveCfg = Development
		{FA8031B4-7522-47DF-B028-DC045B3AE29A}.Development|Default.Build.0 = Development
		{FA8031B4-7522-47DF-B028-DC045B3AE29A}.Development|Default.Deploy.0 = Development
	EndGlobalSection
	GlobalSection(SolutionProperties) = preSolution
		HideSolutionNode = FALSE
	EndGlobalSection
EndGlobal
